// !$*UTF8*$!
{
	archiveVersion = 1;
	classes = {
	};
	objectVersion = 46;
	objects = {

/* Begin PBXBuildFile section */
		4F3E5A797364CFB5C148BF5B /* libPods-Acordei-TransparenciaTests.a in Frameworks */ = {isa = PBXBuildFile; fileRef = BF56EB13C8F65981116C408B /* libPods-Acordei-TransparenciaTests.a */; };
		5C63CDDD4AB8ED6A42519543 /* libPods-Acordei-Transparencia.a in Frameworks */ = {isa = PBXBuildFile; fileRef = CE459D73D33EF07EF497AC70 /* libPods-Acordei-Transparencia.a */; };
		66220CF31AD9947F002B69A9 /* CacheAPI.m in Sources */ = {isa = PBXBuildFile; fileRef = 66220CF21AD9947F002B69A9 /* CacheAPI.m */; };
		66220CF51AD99A6A002B69A9 /* libsqlite3.dylib in Frameworks */ = {isa = PBXBuildFile; fileRef = 66220CF41AD99A6A002B69A9 /* libsqlite3.dylib */; };
		66C1323B1AD9767500CF2142 /* ApiCall.m in Sources */ = {isa = PBXBuildFile; fileRef = 66C1323A1AD9767500CF2142 /* ApiCall.m */; };
		66C1323C1AD9767500CF2142 /* ApiCall.m in Sources */ = {isa = PBXBuildFile; fileRef = 66C1323A1AD9767500CF2142 /* ApiCall.m */; };
		9F3673E01AD96A53002FDAC4 /* main.m in Sources */ = {isa = PBXBuildFile; fileRef = 9F3673DF1AD96A53002FDAC4 /* main.m */; };
		9F3673E31AD96A53002FDAC4 /* AppDelegate.m in Sources */ = {isa = PBXBuildFile; fileRef = 9F3673E21AD96A53002FDAC4 /* AppDelegate.m */; };
		9F3673E61AD96A53002FDAC4 /* ViewController.m in Sources */ = {isa = PBXBuildFile; fileRef = 9F3673E51AD96A53002FDAC4 /* ViewController.m */; };
		9F3673E91AD96A53002FDAC4 /* Main.storyboard in Resources */ = {isa = PBXBuildFile; fileRef = 9F3673E71AD96A53002FDAC4 /* Main.storyboard */; };
		9F3673EB1AD96A53002FDAC4 /* Images.xcassets in Resources */ = {isa = PBXBuildFile; fileRef = 9F3673EA1AD96A53002FDAC4 /* Images.xcassets */; };
		9F3673EE1AD96A53002FDAC4 /* LaunchScreen.xib in Resources */ = {isa = PBXBuildFile; fileRef = 9F3673EC1AD96A53002FDAC4 /* LaunchScreen.xib */; };
		9FA682411AD9B11E002C9981 /* PoliticsCustomCell.m in Sources */ = {isa = PBXBuildFile; fileRef = 9FA682401AD9B11E002C9981 /* PoliticsCustomCell.m */; };
		9FB59BDD1AD9CA62005FF188 /* ProfilePhotoUtil.m in Sources */ = {isa = PBXBuildFile; fileRef = 9FB59BDC1AD9CA62005FF188 /* ProfilePhotoUtil.m */; };
		9FB59BE01AD9DB04005FF188 /* ProjectsCell.m in Sources */ = {isa = PBXBuildFile; fileRef = 9FB59BDF1AD9DB04005FF188 /* ProjectsCell.m */; };
		9FB59BE31AD9DB54005FF188 /* ProjectsViewController.m in Sources */ = {isa = PBXBuildFile; fileRef = 9FB59BE21AD9DB54005FF188 /* ProjectsViewController.m */; };
		9FB59BE61AD9E29D005FF188 /* ExpensesViewController.m in Sources */ = {isa = PBXBuildFile; fileRef = 9FB59BE51AD9E29D005FF188 /* ExpensesViewController.m */; };
		9FB59BE91AD9E2DB005FF188 /* ExpensesCell.m in Sources */ = {isa = PBXBuildFile; fileRef = 9FB59BE81AD9E2DB005FF188 /* ExpensesCell.m */; };
		9FB59BEC1AD9E957005FF188 /* DashboardCell.m in Sources */ = {isa = PBXBuildFile; fileRef = 9FB59BEB1AD9E957005FF188 /* DashboardCell.m */; };
		9FB59BEF1AD9E97E005FF188 /* DashboardViewController.m in Sources */ = {isa = PBXBuildFile; fileRef = 9FB59BEE1AD9E97E005FF188 /* DashboardViewController.m */; };
		9FB59BF21AD9F558005FF188 /* BioViewController.m in Sources */ = {isa = PBXBuildFile; fileRef = 9FB59BF11AD9F558005FF188 /* BioViewController.m */; };
		9FB59BF51AD9FDFC005FF188 /* AssiduityViewController.m in Sources */ = {isa = PBXBuildFile; fileRef = 9FB59BF41AD9FDFC005FF188 /* AssiduityViewController.m */; };
		9FB59BF81AD9FE3A005FF188 /* AssiduityCell.m in Sources */ = {isa = PBXBuildFile; fileRef = 9FB59BF71AD9FE3A005FF188 /* AssiduityCell.m */; };
		9FB59C2D1ADA3AF8005FF188 /* ChartCell.m in Sources */ = {isa = PBXBuildFile; fileRef = 9FB59C2C1ADA3AF8005FF188 /* ChartCell.m */; };
		9FBB65771AD9C01000319FAE /* ProfileCustomCell.m in Sources */ = {isa = PBXBuildFile; fileRef = 9FBB65761AD9C01000319FAE /* ProfileCustomCell.m */; };
		9FBB657B1AD9C50C00319FAE /* ProfileViewController.m in Sources */ = {isa = PBXBuildFile; fileRef = 9FBB657A1AD9C50C00319FAE /* ProfileViewController.m */; };
/* End PBXBuildFile section */

/* Begin PBXContainerItemProxy section */
		9F3673F41AD96A53002FDAC4 /* PBXContainerItemProxy */ = {
			isa = PBXContainerItemProxy;
			containerPortal = 9F3673D21AD96A53002FDAC4 /* Project object */;
			proxyType = 1;
			remoteGlobalIDString = 9F3673D91AD96A53002FDAC4;
			remoteInfo = "Acordei-Transparencia";
		};
/* End PBXContainerItemProxy section */

/* Begin PBXCopyFilesBuildPhase section */
		9FB59C2A1ADA3472005FF188 /* Embed Frameworks */ = {
			isa = PBXCopyFilesBuildPhase;
			buildActionMask = 2147483647;
			dstPath = "";
			dstSubfolderSpec = 10;
			files = (
			);
			name = "Embed Frameworks";
			runOnlyForDeploymentPostprocessing = 0;
		};
/* End PBXCopyFilesBuildPhase section */

/* Begin PBXFileReference section */
		21631CB6AE80A4BFCCC31A8B /* Pods-Acordei-Transparencia.release.xcconfig */ = {isa = PBXFileReference; includeInIndex = 1; lastKnownFileType = text.xcconfig; name = "Pods-Acordei-Transparencia.release.xcconfig"; path = "Pods/Target Support Files/Pods-Acordei-Transparencia/Pods-Acordei-Transparencia.release.xcconfig"; sourceTree = "<group>"; };
		4D813B62B1704A3E663E73CA /* Pods-Acordei-TransparenciaTests.debug.xcconfig */ = {isa = PBXFileReference; includeInIndex = 1; lastKnownFileType = text.xcconfig; name = "Pods-Acordei-TransparenciaTests.debug.xcconfig"; path = "Pods/Target Support Files/Pods-Acordei-TransparenciaTests/Pods-Acordei-TransparenciaTests.debug.xcconfig"; sourceTree = "<group>"; };
		5AAD2907D9BE86BEBA0DD254 /* Pods-Acordei-TransparenciaTests.release.xcconfig */ = {isa = PBXFileReference; includeInIndex = 1; lastKnownFileType = text.xcconfig; name = "Pods-Acordei-TransparenciaTests.release.xcconfig"; path = "Pods/Target Support Files/Pods-Acordei-TransparenciaTests/Pods-Acordei-TransparenciaTests.release.xcconfig"; sourceTree = "<group>"; };
		66220CF11AD9947F002B69A9 /* CacheAPI.h */ = {isa = PBXFileReference; fileEncoding = 4; lastKnownFileType = sourcecode.c.h; name = CacheAPI.h; path = Cache/CacheAPI.h; sourceTree = "<group>"; };
		66220CF21AD9947F002B69A9 /* CacheAPI.m */ = {isa = PBXFileReference; fileEncoding = 4; lastKnownFileType = sourcecode.c.objc; name = CacheAPI.m; path = Cache/CacheAPI.m; sourceTree = "<group>"; };
		66220CF41AD99A6A002B69A9 /* libsqlite3.dylib */ = {isa = PBXFileReference; lastKnownFileType = "compiled.mach-o.dylib"; name = libsqlite3.dylib; path = usr/lib/libsqlite3.dylib; sourceTree = SDKROOT; };
		66C132361AD96CCC00CF2142 /* ApiCall.h */ = {isa = PBXFileReference; fileEncoding = 4; lastKnownFileType = sourcecode.c.h; name = ApiCall.h; path = Rest/ApiCall.h; sourceTree = "<group>"; };
		66C1323A1AD9767500CF2142 /* ApiCall.m */ = {isa = PBXFileReference; fileEncoding = 4; lastKnownFileType = sourcecode.c.objc; name = ApiCall.m; path = Rest/ApiCall.m; sourceTree = "<group>"; };
		7520625321B7FC6E8BBD1BF2 /* Pods-Acordei-Transparencia.debug.xcconfig */ = {isa = PBXFileReference; includeInIndex = 1; lastKnownFileType = text.xcconfig; name = "Pods-Acordei-Transparencia.debug.xcconfig"; path = "Pods/Target Support Files/Pods-Acordei-Transparencia/Pods-Acordei-Transparencia.debug.xcconfig"; sourceTree = "<group>"; };
		9F3673DA1AD96A53002FDAC4 /* Acordei-Transparencia.app */ = {isa = PBXFileReference; explicitFileType = wrapper.application; includeInIndex = 0; path = "Acordei-Transparencia.app"; sourceTree = BUILT_PRODUCTS_DIR; };
		9F3673DE1AD96A53002FDAC4 /* Info.plist */ = {isa = PBXFileReference; lastKnownFileType = text.plist.xml; path = Info.plist; sourceTree = "<group>"; };
		9F3673DF1AD96A53002FDAC4 /* main.m */ = {isa = PBXFileReference; lastKnownFileType = sourcecode.c.objc; path = main.m; sourceTree = "<group>"; };
		9F3673E11AD96A53002FDAC4 /* AppDelegate.h */ = {isa = PBXFileReference; lastKnownFileType = sourcecode.c.h; path = AppDelegate.h; sourceTree = "<group>"; };
		9F3673E21AD96A53002FDAC4 /* AppDelegate.m */ = {isa = PBXFileReference; lastKnownFileType = sourcecode.c.objc; path = AppDelegate.m; sourceTree = "<group>"; };
		9F3673E41AD96A53002FDAC4 /* ViewController.h */ = {isa = PBXFileReference; lastKnownFileType = sourcecode.c.h; path = ViewController.h; sourceTree = "<group>"; };
		9F3673E51AD96A53002FDAC4 /* ViewController.m */ = {isa = PBXFileReference; lastKnownFileType = sourcecode.c.objc; path = ViewController.m; sourceTree = "<group>"; };
		9F3673E81AD96A53002FDAC4 /* Base */ = {isa = PBXFileReference; lastKnownFileType = file.storyboard; name = Base; path = Base.lproj/Main.storyboard; sourceTree = "<group>"; };
		9F3673EA1AD96A53002FDAC4 /* Images.xcassets */ = {isa = PBXFileReference; lastKnownFileType = folder.assetcatalog; path = Images.xcassets; sourceTree = "<group>"; };
		9F3673ED1AD96A53002FDAC4 /* Base */ = {isa = PBXFileReference; lastKnownFileType = file.xib; name = Base; path = Base.lproj/LaunchScreen.xib; sourceTree = "<group>"; };
		9F3673F31AD96A53002FDAC4 /* Acordei-TransparenciaTests.xctest */ = {isa = PBXFileReference; explicitFileType = wrapper.cfbundle; includeInIndex = 0; path = "Acordei-TransparenciaTests.xctest"; sourceTree = BUILT_PRODUCTS_DIR; };
		9F3673F81AD96A53002FDAC4 /* Info.plist */ = {isa = PBXFileReference; lastKnownFileType = text.plist.xml; path = Info.plist; sourceTree = "<group>"; };
		9FA6823F1AD9B11E002C9981 /* PoliticsCustomCell.h */ = {isa = PBXFileReference; fileEncoding = 4; lastKnownFileType = sourcecode.c.h; name = PoliticsCustomCell.h; path = "Custom Cells/PoliticsCustomCell.h"; sourceTree = "<group>"; };
		9FA682401AD9B11E002C9981 /* PoliticsCustomCell.m */ = {isa = PBXFileReference; fileEncoding = 4; lastKnownFileType = sourcecode.c.objc; name = PoliticsCustomCell.m; path = "Custom Cells/PoliticsCustomCell.m"; sourceTree = "<group>"; };
		9FB59BDB1AD9CA62005FF188 /* ProfilePhotoUtil.h */ = {isa = PBXFileReference; fileEncoding = 4; lastKnownFileType = sourcecode.c.h; path = ProfilePhotoUtil.h; sourceTree = "<group>"; };
		9FB59BDC1AD9CA62005FF188 /* ProfilePhotoUtil.m */ = {isa = PBXFileReference; fileEncoding = 4; lastKnownFileType = sourcecode.c.objc; path = ProfilePhotoUtil.m; sourceTree = "<group>"; };
		9FB59BDE1AD9DB04005FF188 /* ProjectsCell.h */ = {isa = PBXFileReference; fileEncoding = 4; lastKnownFileType = sourcecode.c.h; name = ProjectsCell.h; path = "Custom Cells/ProjectsCell.h"; sourceTree = "<group>"; };
		9FB59BDF1AD9DB04005FF188 /* ProjectsCell.m */ = {isa = PBXFileReference; fileEncoding = 4; lastKnownFileType = sourcecode.c.objc; name = ProjectsCell.m; path = "Custom Cells/ProjectsCell.m"; sourceTree = "<group>"; };
		9FB59BE11AD9DB54005FF188 /* ProjectsViewController.h */ = {isa = PBXFileReference; fileEncoding = 4; lastKnownFileType = sourcecode.c.h; name = ProjectsViewController.h; path = UI/ProjectsViewController.h; sourceTree = "<group>"; };
		9FB59BE21AD9DB54005FF188 /* ProjectsViewController.m */ = {isa = PBXFileReference; fileEncoding = 4; lastKnownFileType = sourcecode.c.objc; name = ProjectsViewController.m; path = UI/ProjectsViewController.m; sourceTree = "<group>"; };
		9FB59BE41AD9E29D005FF188 /* ExpensesViewController.h */ = {isa = PBXFileReference; fileEncoding = 4; lastKnownFileType = sourcecode.c.h; name = ExpensesViewController.h; path = UI/ExpensesViewController.h; sourceTree = "<group>"; };
		9FB59BE51AD9E29D005FF188 /* ExpensesViewController.m */ = {isa = PBXFileReference; fileEncoding = 4; lastKnownFileType = sourcecode.c.objc; name = ExpensesViewController.m; path = UI/ExpensesViewController.m; sourceTree = "<group>"; };
		9FB59BE71AD9E2DB005FF188 /* ExpensesCell.h */ = {isa = PBXFileReference; fileEncoding = 4; lastKnownFileType = sourcecode.c.h; name = ExpensesCell.h; path = "Custom Cells/ExpensesCell.h"; sourceTree = "<group>"; };
		9FB59BE81AD9E2DB005FF188 /* ExpensesCell.m */ = {isa = PBXFileReference; fileEncoding = 4; lastKnownFileType = sourcecode.c.objc; name = ExpensesCell.m; path = "Custom Cells/ExpensesCell.m"; sourceTree = "<group>"; };
		9FB59BEA1AD9E957005FF188 /* DashboardCell.h */ = {isa = PBXFileReference; fileEncoding = 4; lastKnownFileType = sourcecode.c.h; name = DashboardCell.h; path = "Custom Cells/DashboardCell.h"; sourceTree = "<group>"; };
		9FB59BEB1AD9E957005FF188 /* DashboardCell.m */ = {isa = PBXFileReference; fileEncoding = 4; lastKnownFileType = sourcecode.c.objc; name = DashboardCell.m; path = "Custom Cells/DashboardCell.m"; sourceTree = "<group>"; };
		9FB59BED1AD9E97E005FF188 /* DashboardViewController.h */ = {isa = PBXFileReference; fileEncoding = 4; lastKnownFileType = sourcecode.c.h; name = DashboardViewController.h; path = UI/DashboardViewController.h; sourceTree = "<group>"; };
		9FB59BEE1AD9E97E005FF188 /* DashboardViewController.m */ = {isa = PBXFileReference; fileEncoding = 4; lastKnownFileType = sourcecode.c.objc; name = DashboardViewController.m; path = UI/DashboardViewController.m; sourceTree = "<group>"; };
		9FB59BF01AD9F558005FF188 /* BioViewController.h */ = {isa = PBXFileReference; fileEncoding = 4; lastKnownFileType = sourcecode.c.h; name = BioViewController.h; path = UI/BioViewController.h; sourceTree = "<group>"; };
		9FB59BF11AD9F558005FF188 /* BioViewController.m */ = {isa = PBXFileReference; fileEncoding = 4; lastKnownFileType = sourcecode.c.objc; name = BioViewController.m; path = UI/BioViewController.m; sourceTree = "<group>"; };
		9FB59BF31AD9FDFC005FF188 /* AssiduityViewController.h */ = {isa = PBXFileReference; fileEncoding = 4; lastKnownFileType = sourcecode.c.h; name = AssiduityViewController.h; path = UI/AssiduityViewController.h; sourceTree = "<group>"; };
		9FB59BF41AD9FDFC005FF188 /* AssiduityViewController.m */ = {isa = PBXFileReference; fileEncoding = 4; lastKnownFileType = sourcecode.c.objc; name = AssiduityViewController.m; path = UI/AssiduityViewController.m; sourceTree = "<group>"; };
		9FB59BF61AD9FE3A005FF188 /* AssiduityCell.h */ = {isa = PBXFileReference; fileEncoding = 4; lastKnownFileType = sourcecode.c.h; name = AssiduityCell.h; path = "Custom Cells/AssiduityCell.h"; sourceTree = "<group>"; };
		9FB59BF71AD9FE3A005FF188 /* AssiduityCell.m */ = {isa = PBXFileReference; fileEncoding = 4; lastKnownFileType = sourcecode.c.objc; name = AssiduityCell.m; path = "Custom Cells/AssiduityCell.m"; sourceTree = "<group>"; };
		9FB59C2B1ADA3AF8005FF188 /* ChartCell.h */ = {isa = PBXFileReference; fileEncoding = 4; lastKnownFileType = sourcecode.c.h; name = ChartCell.h; path = "Custom Cells/ChartCell.h"; sourceTree = "<group>"; };
		9FB59C2C1ADA3AF8005FF188 /* ChartCell.m */ = {isa = PBXFileReference; fileEncoding = 4; lastKnownFileType = sourcecode.c.objc; name = ChartCell.m; path = "Custom Cells/ChartCell.m"; sourceTree = "<group>"; };
		9FBB65751AD9C01000319FAE /* ProfileCustomCell.h */ = {isa = PBXFileReference; fileEncoding = 4; lastKnownFileType = sourcecode.c.h; name = ProfileCustomCell.h; path = "Custom Cells/ProfileCustomCell.h"; sourceTree = "<group>"; };
		9FBB65761AD9C01000319FAE /* ProfileCustomCell.m */ = {isa = PBXFileReference; fileEncoding = 4; lastKnownFileType = sourcecode.c.objc; name = ProfileCustomCell.m; path = "Custom Cells/ProfileCustomCell.m"; sourceTree = "<group>"; };
		9FBB65791AD9C50C00319FAE /* ProfileViewController.h */ = {isa = PBXFileReference; fileEncoding = 4; lastKnownFileType = sourcecode.c.h; name = ProfileViewController.h; path = UI/ProfileViewController.h; sourceTree = "<group>"; };
		9FBB657A1AD9C50C00319FAE /* ProfileViewController.m */ = {isa = PBXFileReference; fileEncoding = 4; lastKnownFileType = sourcecode.c.objc; name = ProfileViewController.m; path = UI/ProfileViewController.m; sourceTree = "<group>"; };
		BF56EB13C8F65981116C408B /* libPods-Acordei-TransparenciaTests.a */ = {isa = PBXFileReference; explicitFileType = archive.ar; includeInIndex = 0; path = "libPods-Acordei-TransparenciaTests.a"; sourceTree = BUILT_PRODUCTS_DIR; };
		CE459D73D33EF07EF497AC70 /* libPods-Acordei-Transparencia.a */ = {isa = PBXFileReference; explicitFileType = archive.ar; includeInIndex = 0; path = "libPods-Acordei-Transparencia.a"; sourceTree = BUILT_PRODUCTS_DIR; };
/* End PBXFileReference section */

/* Begin PBXFrameworksBuildPhase section */
		9F3673D71AD96A53002FDAC4 /* Frameworks */ = {
			isa = PBXFrameworksBuildPhase;
			buildActionMask = 2147483647;
			files = (
				66220CF51AD99A6A002B69A9 /* libsqlite3.dylib in Frameworks */,
				5C63CDDD4AB8ED6A42519543 /* libPods-Acordei-Transparencia.a in Frameworks */,
			);
			runOnlyForDeploymentPostprocessing = 0;
		};
		9F3673F01AD96A53002FDAC4 /* Frameworks */ = {
			isa = PBXFrameworksBuildPhase;
			buildActionMask = 2147483647;
			files = (
				4F3E5A797364CFB5C148BF5B /* libPods-Acordei-TransparenciaTests.a in Frameworks */,
			);
			runOnlyForDeploymentPostprocessing = 0;
		};
/* End PBXFrameworksBuildPhase section */

/* Begin PBXGroup section */
		66C132321AD96B1F00CF2142 /* rest */ = {
			isa = PBXGroup;
			children = (
				66C132361AD96CCC00CF2142 /* ApiCall.h */,
				66C1323A1AD9767500CF2142 /* ApiCall.m */,
			);
			name = rest;
			sourceTree = "<group>";
		};
		66C1323D1AD9777E00CF2142 /* cache */ = {
			isa = PBXGroup;
			children = (
				66220CF11AD9947F002B69A9 /* CacheAPI.h */,
				66220CF21AD9947F002B69A9 /* CacheAPI.m */,
			);
			name = cache;
			sourceTree = "<group>";
		};
		9F3673D11AD96A53002FDAC4 = {
			isa = PBXGroup;
			children = (
				9F3673DC1AD96A53002FDAC4 /* Acordei-Transparencia */,
				9F3673F61AD96A53002FDAC4 /* Acordei-TransparenciaTests */,
				9F3673DB1AD96A53002FDAC4 /* Products */,
				C120216BE2285F89915F16BA /* Frameworks */,
				A80DD32593EFA8F85EF0DBBC /* Pods */,
			);
			sourceTree = "<group>";
		};
		9F3673DB1AD96A53002FDAC4 /* Products */ = {
			isa = PBXGroup;
			children = (
				9F3673DA1AD96A53002FDAC4 /* Acordei-Transparencia.app */,
				9F3673F31AD96A53002FDAC4 /* Acordei-TransparenciaTests.xctest */,
			);
			name = Products;
			sourceTree = "<group>";
		};
		9F3673DC1AD96A53002FDAC4 /* Acordei-Transparencia */ = {
			isa = PBXGroup;
			children = (
				9FBB657C1AD9C99800319FAE /* Utils */,
				9FBB65781AD9C4F500319FAE /* UI */,
				9FA6823E1AD9AF08002C9981 /* CustomCells */,
				66C1323D1AD9777E00CF2142 /* cache */,
				66C132321AD96B1F00CF2142 /* rest */,
				9F3673E11AD96A53002FDAC4 /* AppDelegate.h */,
				9F3673E21AD96A53002FDAC4 /* AppDelegate.m */,
				9F3673E71AD96A53002FDAC4 /* Main.storyboard */,
				9F3673EA1AD96A53002FDAC4 /* Images.xcassets */,
				9F3673EC1AD96A53002FDAC4 /* LaunchScreen.xib */,
				9F3673DD1AD96A53002FDAC4 /* Supporting Files */,
			);
			path = "Acordei-Transparencia";
			sourceTree = "<group>";
		};
		9F3673DD1AD96A53002FDAC4 /* Supporting Files */ = {
			isa = PBXGroup;
			children = (
				9F3673DE1AD96A53002FDAC4 /* Info.plist */,
				9F3673DF1AD96A53002FDAC4 /* main.m */,
			);
			name = "Supporting Files";
			sourceTree = "<group>";
		};
		9F3673F61AD96A53002FDAC4 /* Acordei-TransparenciaTests */ = {
			isa = PBXGroup;
			children = (
				9F3673F71AD96A53002FDAC4 /* Supporting Files */,
			);
			path = "Acordei-TransparenciaTests";
			sourceTree = "<group>";
		};
		9F3673F71AD96A53002FDAC4 /* Supporting Files */ = {
			isa = PBXGroup;
			children = (
				9F3673F81AD96A53002FDAC4 /* Info.plist */,
			);
			name = "Supporting Files";
			sourceTree = "<group>";
		};
		9FA6823E1AD9AF08002C9981 /* CustomCells */ = {
			isa = PBXGroup;
			children = (
				9FB59BEA1AD9E957005FF188 /* DashboardCell.h */,
				9FB59BEB1AD9E957005FF188 /* DashboardCell.m */,
				9FB59BDE1AD9DB04005FF188 /* ProjectsCell.h */,
				9FB59BDF1AD9DB04005FF188 /* ProjectsCell.m */,
				9FA6823F1AD9B11E002C9981 /* PoliticsCustomCell.h */,
				9FA682401AD9B11E002C9981 /* PoliticsCustomCell.m */,
				9FBB65751AD9C01000319FAE /* ProfileCustomCell.h */,
				9FBB65761AD9C01000319FAE /* ProfileCustomCell.m */,
				9FB59BE71AD9E2DB005FF188 /* ExpensesCell.h */,
				9FB59BE81AD9E2DB005FF188 /* ExpensesCell.m */,
				9FB59BF61AD9FE3A005FF188 /* AssiduityCell.h */,
				9FB59BF71AD9FE3A005FF188 /* AssiduityCell.m */,
				9FB59C2B1ADA3AF8005FF188 /* ChartCell.h */,
				9FB59C2C1ADA3AF8005FF188 /* ChartCell.m */,
			);
			name = CustomCells;
			sourceTree = "<group>";
		};
		9FBB65781AD9C4F500319FAE /* UI */ = {
			isa = PBXGroup;
			children = (
				9F3673E41AD96A53002FDAC4 /* ViewController.h */,
				9F3673E51AD96A53002FDAC4 /* ViewController.m */,
				9FBB65791AD9C50C00319FAE /* ProfileViewController.h */,
				9FBB657A1AD9C50C00319FAE /* ProfileViewController.m */,
				9FB59BE11AD9DB54005FF188 /* ProjectsViewController.h */,
				9FB59BE21AD9DB54005FF188 /* ProjectsViewController.m */,
				9FB59BE41AD9E29D005FF188 /* ExpensesViewController.h */,
				9FB59BE51AD9E29D005FF188 /* ExpensesViewController.m */,
				9FB59BED1AD9E97E005FF188 /* DashboardViewController.h */,
				9FB59BEE1AD9E97E005FF188 /* DashboardViewController.m */,
				9FB59BF01AD9F558005FF188 /* BioViewController.h */,
				9FB59BF11AD9F558005FF188 /* BioViewController.m */,
				9FB59BF31AD9FDFC005FF188 /* AssiduityViewController.h */,
				9FB59BF41AD9FDFC005FF188 /* AssiduityViewController.m */,
			);
			name = UI;
			sourceTree = "<group>";
		};
		9FBB657C1AD9C99800319FAE /* Utils */ = {
			isa = PBXGroup;
			children = (
				9FB59BDB1AD9CA62005FF188 /* ProfilePhotoUtil.h */,
				9FB59BDC1AD9CA62005FF188 /* ProfilePhotoUtil.m */,
			);
			name = Utils;
			sourceTree = "<group>";
		};
		A80DD32593EFA8F85EF0DBBC /* Pods */ = {
			isa = PBXGroup;
			children = (
				7520625321B7FC6E8BBD1BF2 /* Pods-Acordei-Transparencia.debug.xcconfig */,
				21631CB6AE80A4BFCCC31A8B /* Pods-Acordei-Transparencia.release.xcconfig */,
				4D813B62B1704A3E663E73CA /* Pods-Acordei-TransparenciaTests.debug.xcconfig */,
				5AAD2907D9BE86BEBA0DD254 /* Pods-Acordei-TransparenciaTests.release.xcconfig */,
			);
			name = Pods;
			sourceTree = "<group>";
		};
		C120216BE2285F89915F16BA /* Frameworks */ = {
			isa = PBXGroup;
			children = (
				66220CF41AD99A6A002B69A9 /* libsqlite3.dylib */,
				CE459D73D33EF07EF497AC70 /* libPods-Acordei-Transparencia.a */,
				BF56EB13C8F65981116C408B /* libPods-Acordei-TransparenciaTests.a */,
			);
			name = Frameworks;
			sourceTree = "<group>";
		};
/* End PBXGroup section */

/* Begin PBXNativeTarget section */
		9F3673D91AD96A53002FDAC4 /* Acordei-Transparencia */ = {
			isa = PBXNativeTarget;
			buildConfigurationList = 9F3673FD1AD96A53002FDAC4 /* Build configuration list for PBXNativeTarget "Acordei-Transparencia" */;
			buildPhases = (
				0940D74681BFAAF7D485FE5B /* Check Pods Manifest.lock */,
				9F3673D61AD96A53002FDAC4 /* Sources */,
				9F3673D71AD96A53002FDAC4 /* Frameworks */,
				9F3673D81AD96A53002FDAC4 /* Resources */,
				F71813EEE6D76FAEC622DD4A /* Copy Pods Resources */,
				9FB59C2A1ADA3472005FF188 /* Embed Frameworks */,
			);
			buildRules = (
			);
			dependencies = (
			);
			name = "Acordei-Transparencia";
			productName = "Acordei-Transparencia";
			productReference = 9F3673DA1AD96A53002FDAC4 /* Acordei-Transparencia.app */;
			productType = "com.apple.product-type.application";
		};
		9F3673F21AD96A53002FDAC4 /* Acordei-TransparenciaTests */ = {
			isa = PBXNativeTarget;
			buildConfigurationList = 9F3674001AD96A53002FDAC4 /* Build configuration list for PBXNativeTarget "Acordei-TransparenciaTests" */;
			buildPhases = (
				E4B07F6969630BB4105CE8EE /* Check Pods Manifest.lock */,
				9F3673EF1AD96A53002FDAC4 /* Sources */,
				9F3673F01AD96A53002FDAC4 /* Frameworks */,
				9F3673F11AD96A53002FDAC4 /* Resources */,
				20219335C5E905F2DF7B76CC /* Copy Pods Resources */,
			);
			buildRules = (
			);
			dependencies = (
				9F3673F51AD96A53002FDAC4 /* PBXTargetDependency */,
			);
			name = "Acordei-TransparenciaTests";
			productName = "Acordei-TransparenciaTests";
			productReference = 9F3673F31AD96A53002FDAC4 /* Acordei-TransparenciaTests.xctest */;
			productType = "com.apple.product-type.bundle.unit-test";
		};
/* End PBXNativeTarget section */

/* Begin PBXProject section */
		9F3673D21AD96A53002FDAC4 /* Project object */ = {
			isa = PBXProject;
			attributes = {
				LastUpgradeCheck = 0620;
				ORGANIZATIONNAME = acordei;
				TargetAttributes = {
					9F3673D91AD96A53002FDAC4 = {
						CreatedOnToolsVersion = 6.2;
					};
					9F3673F21AD96A53002FDAC4 = {
						CreatedOnToolsVersion = 6.2;
						TestTargetID = 9F3673D91AD96A53002FDAC4;
					};
				};
			};
			buildConfigurationList = 9F3673D51AD96A53002FDAC4 /* Build configuration list for PBXProject "Acordei-Transparencia" */;
			compatibilityVersion = "Xcode 3.2";
			developmentRegion = English;
			hasScannedForEncodings = 0;
			knownRegions = (
				en,
				Base,
			);
			mainGroup = 9F3673D11AD96A53002FDAC4;
			productRefGroup = 9F3673DB1AD96A53002FDAC4 /* Products */;
			projectDirPath = "";
			projectRoot = "";
			targets = (
				9F3673D91AD96A53002FDAC4 /* Acordei-Transparencia */,
				9F3673F21AD96A53002FDAC4 /* Acordei-TransparenciaTests */,
			);
		};
/* End PBXProject section */

/* Begin PBXResourcesBuildPhase section */
		9F3673D81AD96A53002FDAC4 /* Resources */ = {
			isa = PBXResourcesBuildPhase;
			buildActionMask = 2147483647;
			files = (
				9F3673E91AD96A53002FDAC4 /* Main.storyboard in Resources */,
				9F3673EE1AD96A53002FDAC4 /* LaunchScreen.xib in Resources */,
				9F3673EB1AD96A53002FDAC4 /* Images.xcassets in Resources */,
			);
			runOnlyForDeploymentPostprocessing = 0;
		};
		9F3673F11AD96A53002FDAC4 /* Resources */ = {
			isa = PBXResourcesBuildPhase;
			buildActionMask = 2147483647;
			files = (
			);
			runOnlyForDeploymentPostprocessing = 0;
		};
/* End PBXResourcesBuildPhase section */

/* Begin PBXShellScriptBuildPhase section */
		0940D74681BFAAF7D485FE5B /* Check Pods Manifest.lock */ = {
			isa = PBXShellScriptBuildPhase;
			buildActionMask = 2147483647;
			files = (
			);
			inputPaths = (
			);
			name = "Check Pods Manifest.lock";
			outputPaths = (
			);
			runOnlyForDeploymentPostprocessing = 0;
			shellPath = /bin/sh;
			shellScript = "diff \"${PODS_ROOT}/../Podfile.lock\" \"${PODS_ROOT}/Manifest.lock\" > /dev/null\nif [[ $? != 0 ]] ; then\n    cat << EOM\nerror: The sandbox is not in sync with the Podfile.lock. Run 'pod install' or update your CocoaPods installation.\nEOM\n    exit 1\nfi\n";
			showEnvVarsInLog = 0;
		};
		20219335C5E905F2DF7B76CC /* Copy Pods Resources */ = {
			isa = PBXShellScriptBuildPhase;
			buildActionMask = 2147483647;
			files = (
			);
			inputPaths = (
			);
			name = "Copy Pods Resources";
			outputPaths = (
			);
			runOnlyForDeploymentPostprocessing = 0;
			shellPath = /bin/sh;
			shellScript = "\"${SRCROOT}/Pods/Target Support Files/Pods-Acordei-TransparenciaTests/Pods-Acordei-TransparenciaTests-resources.sh\"\n";
			showEnvVarsInLog = 0;
		};
		E4B07F6969630BB4105CE8EE /* Check Pods Manifest.lock */ = {
			isa = PBXShellScriptBuildPhase;
			buildActionMask = 2147483647;
			files = (
			);
			inputPaths = (
			);
			name = "Check Pods Manifest.lock";
			outputPaths = (
			);
			runOnlyForDeploymentPostprocessing = 0;
			shellPath = /bin/sh;
			shellScript = "diff \"${PODS_ROOT}/../Podfile.lock\" \"${PODS_ROOT}/Manifest.lock\" > /dev/null\nif [[ $? != 0 ]] ; then\n    cat << EOM\nerror: The sandbox is not in sync with the Podfile.lock. Run 'pod install' or update your CocoaPods installation.\nEOM\n    exit 1\nfi\n";
			showEnvVarsInLog = 0;
		};
		F71813EEE6D76FAEC622DD4A /* Copy Pods Resources */ = {
			isa = PBXShellScriptBuildPhase;
			buildActionMask = 2147483647;
			files = (
			);
			inputPaths = (
			);
			name = "Copy Pods Resources";
			outputPaths = (
			);
			runOnlyForDeploymentPostprocessing = 0;
			shellPath = /bin/sh;
			shellScript = "\"${SRCROOT}/Pods/Target Support Files/Pods-Acordei-Transparencia/Pods-Acordei-Transparencia-resources.sh\"\n";
			showEnvVarsInLog = 0;
		};
/* End PBXShellScriptBuildPhase section */

/* Begin PBXSourcesBuildPhase section */
		9F3673D61AD96A53002FDAC4 /* Sources */ = {
			isa = PBXSourcesBuildPhase;
			buildActionMask = 2147483647;
			files = (
				9F3673E61AD96A53002FDAC4 /* ViewController.m in Sources */,
				9F3673E31AD96A53002FDAC4 /* AppDelegate.m in Sources */,
				9FB59BEC1AD9E957005FF188 /* DashboardCell.m in Sources */,
				9FB59BE31AD9DB54005FF188 /* ProjectsViewController.m in Sources */,
				9FBB657B1AD9C50C00319FAE /* ProfileViewController.m in Sources */,
				66C1323B1AD9767500CF2142 /* ApiCall.m in Sources */,
				9FB59C2D1ADA3AF8005FF188 /* ChartCell.m in Sources */,
				9FB59BE61AD9E29D005FF188 /* ExpensesViewController.m in Sources */,
				9FB59BF21AD9F558005FF188 /* BioViewController.m in Sources */,
				9FB59BDD1AD9CA62005FF188 /* ProfilePhotoUtil.m in Sources */,
				9FA682411AD9B11E002C9981 /* PoliticsCustomCell.m in Sources */,
				9FBB65771AD9C01000319FAE /* ProfileCustomCell.m in Sources */,
				9FB59BEF1AD9E97E005FF188 /* DashboardViewController.m in Sources */,
				9FB59BF51AD9FDFC005FF188 /* AssiduityViewController.m in Sources */,
				9FB59BF81AD9FE3A005FF188 /* AssiduityCell.m in Sources */,
				9FB59BE01AD9DB04005FF188 /* ProjectsCell.m in Sources */,
				66220CF31AD9947F002B69A9 /* CacheAPI.m in Sources */,
				9F3673E01AD96A53002FDAC4 /* main.m in Sources */,
				9FB59BE91AD9E2DB005FF188 /* ExpensesCell.m in Sources */,
			);
			runOnlyForDeploymentPostprocessing = 0;
		};
		9F3673EF1AD96A53002FDAC4 /* Sources */ = {
			isa = PBXSourcesBuildPhase;
			buildActionMask = 2147483647;
			files = (
				66C1323C1AD9767500CF2142 /* ApiCall.m in Sources */,
			);
			runOnlyForDeploymentPostprocessing = 0;
		};
/* End PBXSourcesBuildPhase section */

/* Begin PBXTargetDependency section */
		9F3673F51AD96A53002FDAC4 /* PBXTargetDependency */ = {
			isa = PBXTargetDependency;
			target = 9F3673D91AD96A53002FDAC4 /* Acordei-Transparencia */;
			targetProxy = 9F3673F41AD96A53002FDAC4 /* PBXContainerItemProxy */;
		};
/* End PBXTargetDependency section */

/* Begin PBXVariantGroup section */
		9F3673E71AD96A53002FDAC4 /* Main.storyboard */ = {
			isa = PBXVariantGroup;
			children = (
				9F3673E81AD96A53002FDAC4 /* Base */,
			);
			name = Main.storyboard;
			sourceTree = "<group>";
		};
		9F3673EC1AD96A53002FDAC4 /* LaunchScreen.xib */ = {
			isa = PBXVariantGroup;
			children = (
				9F3673ED1AD96A53002FDAC4 /* Base */,
			);
			name = LaunchScreen.xib;
			sourceTree = "<group>";
		};
/* End PBXVariantGroup section */

/* Begin XCBuildConfiguration section */
		9F3673FB1AD96A53002FDAC4 /* Debug */ = {
			isa = XCBuildConfiguration;
			buildSettings = {
				ALWAYS_SEARCH_USER_PATHS = NO;
				CLANG_CXX_LANGUAGE_STANDARD = "gnu++0x";
				CLANG_CXX_LIBRARY = "libc++";
				CLANG_ENABLE_MODULES = YES;
				CLANG_ENABLE_OBJC_ARC = YES;
				CLANG_WARN_BOOL_CONVERSION = YES;
				CLANG_WARN_CONSTANT_CONVERSION = YES;
				CLANG_WARN_DIRECT_OBJC_ISA_USAGE = YES_ERROR;
				CLANG_WARN_EMPTY_BODY = YES;
				CLANG_WARN_ENUM_CONVERSION = YES;
				CLANG_WARN_INT_CONVERSION = YES;
				CLANG_WARN_OBJC_ROOT_CLASS = YES_ERROR;
				CLANG_WARN_UNREACHABLE_CODE = YES;
				CLANG_WARN__DUPLICATE_METHOD_MATCH = YES;
				"CODE_SIGN_IDENTITY[sdk=iphoneos*]" = "iPhone Developer";
				COPY_PHASE_STRIP = NO;
				ENABLE_STRICT_OBJC_MSGSEND = YES;
				GCC_C_LANGUAGE_STANDARD = gnu99;
				GCC_DYNAMIC_NO_PIC = NO;
				GCC_OPTIMIZATION_LEVEL = 0;
				GCC_PREPROCESSOR_DEFINITIONS = (
					"DEBUG=1",
					"$(inherited)",
				);
				GCC_SYMBOLS_PRIVATE_EXTERN = NO;
				GCC_WARN_64_TO_32_BIT_CONVERSION = YES;
				GCC_WARN_ABOUT_RETURN_TYPE = YES_ERROR;
				GCC_WARN_UNDECLARED_SELECTOR = YES;
				GCC_WARN_UNINITIALIZED_AUTOS = YES_AGGRESSIVE;
				GCC_WARN_UNUSED_FUNCTION = YES;
				GCC_WARN_UNUSED_VARIABLE = YES;
				IPHONEOS_DEPLOYMENT_TARGET = 8.2;
				MTL_ENABLE_DEBUG_INFO = YES;
				ONLY_ACTIVE_ARCH = YES;
				SDKROOT = iphoneos;
			};
			name = Debug;
		};
		9F3673FC1AD96A53002FDAC4 /* Release */ = {
			isa = XCBuildConfiguration;
			buildSettings = {
				ALWAYS_SEARCH_USER_PATHS = NO;
				CLANG_CXX_LANGUAGE_STANDARD = "gnu++0x";
				CLANG_CXX_LIBRARY = "libc++";
				CLANG_ENABLE_MODULES = YES;
				CLANG_ENABLE_OBJC_ARC = YES;
				CLANG_WARN_BOOL_CONVERSION = YES;
				CLANG_WARN_CONSTANT_CONVERSION = YES;
				CLANG_WARN_DIRECT_OBJC_ISA_USAGE = YES_ERROR;
				CLANG_WARN_EMPTY_BODY = YES;
				CLANG_WARN_ENUM_CONVERSION = YES;
				CLANG_WARN_INT_CONVERSION = YES;
				CLANG_WARN_OBJC_ROOT_CLASS = YES_ERROR;
				CLANG_WARN_UNREACHABLE_CODE = YES;
				CLANG_WARN__DUPLICATE_METHOD_MATCH = YES;
				"CODE_SIGN_IDENTITY[sdk=iphoneos*]" = "iPhone Developer";
				COPY_PHASE_STRIP = NO;
				ENABLE_NS_ASSERTIONS = NO;
				ENABLE_STRICT_OBJC_MSGSEND = YES;
				GCC_C_LANGUAGE_STANDARD = gnu99;
				GCC_WARN_64_TO_32_BIT_CONVERSION = YES;
				GCC_WARN_ABOUT_RETURN_TYPE = YES_ERROR;
				GCC_WARN_UNDECLARED_SELECTOR = YES;
				GCC_WARN_UNINITIALIZED_AUTOS = YES_AGGRESSIVE;
				GCC_WARN_UNUSED_FUNCTION = YES;
				GCC_WARN_UNUSED_VARIABLE = YES;
				IPHONEOS_DEPLOYMENT_TARGET = 8.2;
				MTL_ENABLE_DEBUG_INFO = NO;
				SDKROOT = iphoneos;
				VALIDATE_PRODUCT = YES;
			};
			name = Release;
		};
		9F3673FE1AD96A53002FDAC4 /* Debug */ = {
			isa = XCBuildConfiguration;
			baseConfigurationReference = 7520625321B7FC6E8BBD1BF2 /* Pods-Acordei-Transparencia.debug.xcconfig */;
			buildSettings = {
				ASSETCATALOG_COMPILER_APPICON_NAME = AppIcon;
				FRAMEWORK_SEARCH_PATHS = (
					"$(inherited)",
					"$(USER_LIBRARY_DIR)/Developer/Xcode/DerivedData/Acordei-Transparencia-fisozbxarqvrdvhaprwuvdjvgucu/Build/Products/Debug-iphoneos",
				);
				INFOPLIST_FILE = "Acordei-Transparencia/Info.plist";
				LD_RUNPATH_SEARCH_PATHS = "$(inherited) @executable_path/Frameworks";
				PRODUCT_NAME = "$(TARGET_NAME)";
			};
			name = Debug;
		};
		9F3673FF1AD96A53002FDAC4 /* Release */ = {
			isa = XCBuildConfiguration;
			baseConfigurationReference = 21631CB6AE80A4BFCCC31A8B /* Pods-Acordei-Transparencia.release.xcconfig */;
			buildSettings = {
				ASSETCATALOG_COMPILER_APPICON_NAME = AppIcon;
				FRAMEWORK_SEARCH_PATHS = (
					"$(inherited)",
					"$(USER_LIBRARY_DIR)/Developer/Xcode/DerivedData/Acordei-Transparencia-fisozbxarqvrdvhaprwuvdjvgucu/Build/Products/Debug-iphoneos",
				);
				INFOPLIST_FILE = "Acordei-Transparencia/Info.plist";
				LD_RUNPATH_SEARCH_PATHS = "$(inherited) @executable_path/Frameworks";
				PRODUCT_NAME = "$(TARGET_NAME)";
			};
			name = Release;
		};
		9F3674011AD96A53002FDAC4 /* Debug */ = {
			isa = XCBuildConfiguration;
			baseConfigurationReference = 4D813B62B1704A3E663E73CA /* Pods-Acordei-TransparenciaTests.debug.xcconfig */;
			buildSettings = {
				BUNDLE_LOADER = "$(TEST_HOST)";
				FRAMEWORK_SEARCH_PATHS = (
					"$(SDKROOT)/Developer/Library/Frameworks",
					"$(inherited)",
				);
				GCC_PREPROCESSOR_DEFINITIONS = (
					"DEBUG=1",
					"$(inherited)",
				);
				INFOPLIST_FILE = "Acordei-TransparenciaTests/Info.plist";
				LD_RUNPATH_SEARCH_PATHS = "$(inherited) @executable_path/Frameworks @loader_path/Frameworks";
				PRODUCT_NAME = "$(TARGET_NAME)";
				TEST_HOST = "$(BUILT_PRODUCTS_DIR)/Acordei-Transparencia.app/Acordei-Transparencia";
			};
			name = Debug;
		};
		9F3674021AD96A53002FDAC4 /* Release */ = {
			isa = XCBuildConfiguration;
			baseConfigurationReference = 5AAD2907D9BE86BEBA0DD254 /* Pods-Acordei-TransparenciaTests.release.xcconfig */;
			buildSettings = {
				BUNDLE_LOADER = "$(TEST_HOST)";
				FRAMEWORK_SEARCH_PATHS = (
					"$(SDKROOT)/Developer/Library/Frameworks",
					"$(inherited)",
				);
				INFOPLIST_FILE = "Acordei-TransparenciaTests/Info.plist";
				LD_RUNPATH_SEARCH_PATHS = "$(inherited) @executable_path/Frameworks @loader_path/Frameworks";
				PRODUCT_NAME = "$(TARGET_NAME)";
				TEST_HOST = "$(BUILT_PRODUCTS_DIR)/Acordei-Transparencia.app/Acordei-Transparencia";
			};
			name = Release;
		};
/* End XCBuildConfiguration section */

/* Begin XCConfigurationList section */
		9F3673D51AD96A53002FDAC4 /* Build configuration list for PBXProject "Acordei-Transparencia" */ = {
			isa = XCConfigurationList;
			buildConfigurations = (
				9F3673FB1AD96A53002FDAC4 /* Debug */,
				9F3673FC1AD96A53002FDAC4 /* Release */,
			);
			defaultConfigurationIsVisible = 0;
			defaultConfigurationName = Release;
		};
		9F3673FD1AD96A53002FDAC4 /* Build configuration list for PBXNativeTarget "Acordei-Transparencia" */ = {
			isa = XCConfigurationList;
			buildConfigurations = (
				9F3673FE1AD96A53002FDAC4 /* Debug */,
				9F3673FF1AD96A53002FDAC4 /* Release */,
			);
			defaultConfigurationIsVisible = 0;
			defaultConfigurationName = Release;
		};
		9F3674001AD96A53002FDAC4 /* Build configuration list for PBXNativeTarget "Acordei-TransparenciaTests" */ = {
			isa = XCConfigurationList;
			buildConfigurations = (
				9F3674011AD96A53002FDAC4 /* Debug */,
				9F3674021AD96A53002FDAC4 /* Release */,
			);
			defaultConfigurationIsVisible = 0;
			defaultConfigurationName = Release;
		};
/* End XCConfigurationList section */
	};
	rootObject = 9F3673D21AD96A53002FDAC4 /* Project object */;
}
